
Microsoft Visual Studio Solution File, Format Version 12.00
# Visual Studio Version 17
VisualStudioVersion = 17.11.35222.181
MinimumVisualStudioVersion = 10.0.40219.1
Project("{FAE04EC0-301F-11D3-BF4B-00C04F79EFBC}") = "EjemplosWHILE", "EjemplosWHILE\EjemplosWHILE.csproj", "{DECA2189-81BD-45F0-9111-E733BD3CB750}"
EndProject
Global
	GlobalSection(SolutionConfigurationPlatforms) = preSolution
		Debug|Any CPU = Debug|Any CPU
		Release|Any CPU = Release|Any CPU
	EndGlobalSection
	GlobalSection(ProjectConfigurationPlatforms) = postSolution
		{DECA2189-81BD-45F0-9111-E733BD3CB750}.Debug|Any CPU.ActiveCfg = Debug|Any CPU
		{DECA2189-81BD-45F0-9111-E733BD3CB750}.Debug|Any CPU.Build.0 = Debug|Any CPU
		{DECA2189-81BD-45F0-9111-E733BD3CB750}.Release|Any CPU.ActiveCfg = Release|Any CPU
		{DECA2189-81BD-45F0-9111-E733BD3CB750}.Release|Any CPU.Build.0 = Release|Any CPU
	EndGlobalSection
	GlobalSection(SolutionProperties) = preSolution
		HideSolutionNode = FALSE
	EndGlobalSection
	GlobalSection(ExtensibilityGlobals) = postSolution
		SolutionGuid = {412AB77D-EDF4-4763-8148-5F268B058591}
	EndGlobalSection
EndGlobal
